// !$*UTF8*$!
{
	archiveVersion = 1;
	classes = {
	};
	objectVersion = 46;
	objects = {

/* Begin PBXBuildFile section */
		18EC358D1BC401C700F645F0 /* main.m in Sources */ = {isa = PBXBuildFile; fileRef = 18EC358C1BC401C700F645F0 /* main.m */; };
		18EC35901BC401C700F645F0 /* AppDelegate.m in Sources */ = {isa = PBXBuildFile; fileRef = 18EC358F1BC401C700F645F0 /* AppDelegate.m */; };
		18EC35931BC401C700F645F0 /* ViewController.m in Sources */ = {isa = PBXBuildFile; fileRef = 18EC35921BC401C700F645F0 /* ViewController.m */; };
		18EC35961BC401C700F645F0 /* Main.storyboard in Resources */ = {isa = PBXBuildFile; fileRef = 18EC35941BC401C700F645F0 /* Main.storyboard */; };
		18EC35981BC401C800F645F0 /* Assets.xcassets in Resources */ = {isa = PBXBuildFile; fileRef = 18EC35971BC401C800F645F0 /* Assets.xcassets */; };
		18EC359B1BC401C800F645F0 /* LaunchScreen.storyboard in Resources */ = {isa = PBXBuildFile; fileRef = 18EC35991BC401C800F645F0 /* LaunchScreen.storyboard */; };
		18EC35A61BC401C800F645F0 /* ButtonTestTests.m in Sources */ = {isa = PBXBuildFile; fileRef = 18EC35A51BC401C800F645F0 /* ButtonTestTests.m */; };
		18EC35B11BC401C800F645F0 /* ButtonTestUITests.m in Sources */ = {isa = PBXBuildFile; fileRef = 18EC35B01BC401C800F645F0 /* ButtonTestUITests.m */; };
		18EC35C11BC4022D00F645F0 /* UITextImageButton.m in Sources */ = {isa = PBXBuildFile; fileRef = 18EC35C01BC4022D00F645F0 /* UITextImageButton.m */; settings = {ASSET_TAGS = (); }; };
/* End PBXBuildFile section */

/* Begin PBXContainerItemProxy section */
		18EC35A21BC401C800F645F0 /* PBXContainerItemProxy */ = {
			isa = PBXContainerItemProxy;
			containerPortal = 18EC35801BC401C700F645F0 /* Project object */;
			proxyType = 1;
			remoteGlobalIDString = 18EC35871BC401C700F645F0;
			remoteInfo = ButtonTest;
		};
		18EC35AD1BC401C800F645F0 /* PBXContainerItemProxy */ = {
			isa = PBXContainerItemProxy;
			containerPortal = 18EC35801BC401C700F645F0 /* Project object */;
			proxyType = 1;
			remoteGlobalIDString = 18EC35871BC401C700F645F0;
			remoteInfo = ButtonTest;
		};
/* End PBXContainerItemProxy section */

/* Begin PBXFileReference section */
		18EC35881BC401C700F645F0 /* ButtonTest.app */ = {isa = PBXFileReference; explicitFileType = wrapper.application; includeInIndex = 0; path = ButtonTest.app; sourceTree = BUILT_PRODUCTS_DIR; };
		18EC358C1BC401C700F645F0 /* main.m */ = {isa = PBXFileReference; lastKnownFileType = sourcecode.c.objc; path = main.m; sourceTree = "<group>"; };
		18EC358E1BC401C700F645F0 /* AppDelegate.h */ = {isa = PBXFileReference; lastKnownFileType = sourcecode.c.h; path = AppDelegate.h; sourceTree = "<group>"; };
		18EC358F1BC401C700F645F0 /* AppDelegate.m */ = {isa = PBXFileReference; lastKnownFileType = sourcecode.c.objc; path = AppDelegate.m; sourceTree = "<group>"; };
		18EC35911BC401C700F645F0 /* ViewController.h */ = {isa = PBXFileReference; lastKnownFileType = sourcecode.c.h; path = ViewController.h; sourceTree = "<group>"; };
		18EC35921BC401C700F645F0 /* ViewController.m */ = {isa = PBXFileReference; lastKnownFileType = sourcecode.c.objc; path = ViewController.m; sourceTree = "<group>"; };
		18EC35951BC401C700F645F0 /* Base */ = {isa = PBXFileReference; lastKnownFileType = file.storyboard; name = Base; path = Base.lproj/Main.storyboard; sourceTree = "<group>"; };
		18EC35971BC401C800F645F0 /* Assets.xcassets */ = {isa = PBXFileReference; lastKnownFileType = folder.assetcatalog; path = Assets.xcassets; sourceTree = "<group>"; };
		18EC359A1BC401C800F645F0 /* Base */ = {isa = PBXFileReference; lastKnownFileType = file.storyboard; name = Base; path = Base.lproj/LaunchScreen.storyboard; sourceTree = "<group>"; };
		18EC359C1BC401C800F645F0 /* Info.plist */ = {isa = PBXFileReference; lastKnownFileType = text.plist.xml; path = Info.plist; sourceTree = "<group>"; };
		18EC35A11BC401C800F645F0 /* ButtonTestTests.xctest */ = {isa = PBXFileReference; explicitFileType = wrapper.cfbundle; includeInIndex = 0; path = ButtonTestTests.xctest; sourceTree = BUILT_PRODUCTS_DIR; };
		18EC35A51BC401C800F645F0 /* ButtonTestTests.m */ = {isa = PBXFileReference; lastKnownFileType = sourcecode.c.objc; path = ButtonTestTests.m; sourceTree = "<group>"; };
		18EC35A71BC401C800F645F0 /* Info.plist */ = {isa = PBXFileReference; lastKnownFileType = text.plist.xml; path = Info.plist; sourceTree = "<group>"; };
		18EC35AC1BC401C800F645F0 /* ButtonTestUITests.xctest */ = {isa = PBXFileReference; explicitFileType = wrapper.cfbundle; includeInIndex = 0; path = ButtonTestUITests.xctest; sourceTree = BUILT_PRODUCTS_DIR; };
		18EC35B01BC401C800F645F0 /* ButtonTestUITests.m */ = {isa = PBXFileReference; lastKnownFileType = sourcecode.c.objc; path = ButtonTestUITests.m; sourceTree = "<group>"; };
		18EC35B21BC401C800F645F0 /* Info.plist */ = {isa = PBXFileReference; lastKnownFileType = text.plist.xml; path = Info.plist; sourceTree = "<group>"; };
		18EC35BF1BC4022D00F645F0 /* UITextImageButton.h */ = {isa = PBXFileReference; fileEncoding = 4; lastKnownFileType = sourcecode.c.h; path = UITextImageButton.h; sourceTree = "<group>"; };
		18EC35C01BC4022D00F645F0 /* UITextImageButton.m */ = {isa = PBXFileReference; fileEncoding = 4; lastKnownFileType = sourcecode.c.objc; path = UITextImageButton.m; sourceTree = "<group>"; };
/* End PBXFileReference section */

/* Begin PBXFrameworksBuildPhase section */
		18EC35851BC401C700F645F0 /* Frameworks */ = {
			isa = PBXFrameworksBuildPhase;
			buildActionMask = 2147483647;
			files = (
			);
			runOnlyForDeploymentPostprocessing = 0;
		};
		18EC359E1BC401C800F645F0 /* Frameworks */ = {
			isa = PBXFrameworksBuildPhase;
			buildActionMask = 2147483647;
			files = (
			);
			runOnlyForDeploymentPostprocessing = 0;
		};
		18EC35A91BC401C800F645F0 /* Frameworks */ = {
			isa = PBXFrameworksBuildPhase;
			buildActionMask = 2147483647;
			files = (
			);
			runOnlyForDeploymentPostprocessing = 0;
		};
/* End PBXFrameworksBuildPhase section */

/* Begin PBXGroup section */
		18EC357F1BC401C700F645F0 = {
			isa = PBXGroup;
			children = (
				18EC358A1BC401C700F645F0 /* ButtonTest */,
				18EC35A41BC401C800F645F0 /* ButtonTestTests */,
				18EC35AF1BC401C800F645F0 /* ButtonTestUITests */,
				18EC35891BC401C700F645F0 /* Products */,
			);
			sourceTree = "<group>";
		};
		18EC35891BC401C700F645F0 /* Products */ = {
			isa = PBXGroup;
			children = (
				18EC35881BC401C700F645F0 /* ButtonTest.app */,
				18EC35A11BC401C800F645F0 /* ButtonTestTests.xctest */,
				18EC35AC1BC401C800F645F0 /* ButtonTestUITests.xctest */,
			);
			name = Products;
			sourceTree = "<group>";
		};
		18EC358A1BC401C700F645F0 /* ButtonTest */ = {
			isa = PBXGroup;
			children = (
				18EC35BE1BC401E700F645F0 /* 724Button */,
				18EC358E1BC401C700F645F0 /* AppDelegate.h */,
				18EC358F1BC401C700F645F0 /* AppDelegate.m */,
				18EC35911BC401C700F645F0 /* ViewController.h */,
				18EC35921BC401C700F645F0 /* ViewController.m */,
				18EC35941BC401C700F645F0 /* Main.storyboard */,
				18EC35971BC401C800F645F0 /* Assets.xcassets */,
				18EC35991BC401C800F645F0 /* LaunchScreen.storyboard */,
				18EC359C1BC401C800F645F0 /* Info.plist */,
				18EC358B1BC401C700F645F0 /* Supporting Files */,
			);
			path = ButtonTest;
			sourceTree = "<group>";
		};
		18EC358B1BC401C700F645F0 /* Supporting Files */ = {
			isa = PBXGroup;
			children = (
				18EC358C1BC401C700F645F0 /* main.m */,
			);
			name = "Supporting Files";
			sourceTree = "<group>";
		};
		18EC35A41BC401C800F645F0 /* ButtonTestTests */ = {
			isa = PBXGroup;
			children = (
				18EC35A51BC401C800F645F0 /* ButtonTestTests.m */,
				18EC35A71BC401C800F645F0 /* Info.plist */,
			);
			path = ButtonTestTests;
			sourceTree = "<group>";
		};
		18EC35AF1BC401C800F645F0 /* ButtonTestUITests */ = {
			isa = PBXGroup;
			children = (
				18EC35B01BC401C800F645F0 /* ButtonTestUITests.m */,
				18EC35B21BC401C800F645F0 /* Info.plist */,
			);
			path = ButtonTestUITests;
			sourceTree = "<group>";
		};
		18EC35BE1BC401E700F645F0 /* 724Button */ = {
			isa = PBXGroup;
			children = (
				18EC35BF1BC4022D00F645F0 /* UITextImageButton.h */,
				18EC35C01BC4022D00F645F0 /* UITextImageButton.m */,
			);
			name = 724Button;
			path = ../724Button;
			sourceTree = "<group>";
		};
/* End PBXGroup section */

/* Begin PBXNativeTarget section */
		18EC35871BC401C700F645F0 /* ButtonTest */ = {
			isa = PBXNativeTarget;
			buildConfigurationList = 18EC35B51BC401C800F645F0 /* Build configuration list for PBXNativeTarget "ButtonTest" */;
			buildPhases = (
				18EC35841BC401C700F645F0 /* Sources */,
				18EC35851BC401C700F645F0 /* Frameworks */,
				18EC35861BC401C700F645F0 /* Resources */,
			);
			buildRules = (
			);
			dependencies = (
			);
			name = ButtonTest;
			productName = ButtonTest;
			productReference = 18EC35881BC401C700F645F0 /* ButtonTest.app */;
			productType = "com.apple.product-type.application";
		};
		18EC35A01BC401C800F645F0 /* ButtonTestTests */ = {
			isa = PBXNativeTarget;
			buildConfigurationList = 18EC35B81BC401C800F645F0 /* Build configuration list for PBXNativeTarget "ButtonTestTests" */;
			buildPhases = (
				18EC359D1BC401C800F645F0 /* Sources */,
				18EC359E1BC401C800F645F0 /* Frameworks */,
				18EC359F1BC401C800F645F0 /* Resources */,
			);
			buildRules = (
			);
			dependencies = (
				18EC35A31BC401C800F645F0 /* PBXTargetDependency */,
			);
			name = ButtonTestTests;
			productName = ButtonTestTests;
			productReference = 18EC35A11BC401C800F645F0 /* ButtonTestTests.xctest */;
			productType = "com.apple.product-type.bundle.unit-test";
		};
		18EC35AB1BC401C800F645F0 /* ButtonTestUITests */ = {
			isa = PBXNativeTarget;
			buildConfigurationList = 18EC35BB1BC401C800F645F0 /* Build configuration list for PBXNativeTarget "ButtonTestUITests" */;
			buildPhases = (
				18EC35A81BC401C800F645F0 /* Sources */,
				18EC35A91BC401C800F645F0 /* Frameworks */,
				18EC35AA1BC401C800F645F0 /* Resources */,
			);
			buildRules = (
			);
			dependencies = (
				18EC35AE1BC401C800F645F0 /* PBXTargetDependency */,
			);
			name = ButtonTestUITests;
			productName = ButtonTestUITests;
			productReference = 18EC35AC1BC401C800F645F0 /* ButtonTestUITests.xctest */;
			productType = "com.apple.product-type.bundle.ui-testing";
		};
/* End PBXNativeTarget section */

/* Begin PBXProject section */
		18EC35801BC401C700F645F0 /* Project object */ = {
			isa = PBXProject;
			attributes = {
				LastUpgradeCheck = 0700;
				ORGANIZATIONNAME = Apple;
				TargetAttributes = {
					18EC35871BC401C700F645F0 = {
						CreatedOnToolsVersion = 7.0.1;
					};
					18EC35A01BC401C800F645F0 = {
						CreatedOnToolsVersion = 7.0.1;
						TestTargetID = 18EC35871BC401C700F645F0;
					};
					18EC35AB1BC401C800F645F0 = {
						CreatedOnToolsVersion = 7.0.1;
						TestTargetID = 18EC35871BC401C700F645F0;
					};
				};
			};
			buildConfigurationList = 18EC35831BC401C700F645F0 /* Build configuration list for PBXProject "ButtonTest" */;
			compatibilityVersion = "Xcode 3.2";
			developmentRegion = English;
			hasScannedForEncodings = 0;
			knownRegions = (
				en,
				Base,
			);
			mainGroup = 18EC357F1BC401C700F645F0;
			productRefGroup = 18EC35891BC401C700F645F0 /* Products */;
			projectDirPath = "";
			projectRoot = "";
			targets = (
				18EC35871BC401C700F645F0 /* ButtonTest */,
				18EC35A01BC401C800F645F0 /* ButtonTestTests */,
				18EC35AB1BC401C800F645F0 /* ButtonTestUITests */,
			);
		};
/* End PBXProject section */

/* Begin PBXResourcesBuildPhase section */
		18EC35861BC401C700F645F0 /* Resources */ = {
			isa = PBXResourcesBuildPhase;
			buildActionMask = 2147483647;
			files = (
				18EC359B1BC401C800F645F0 /* LaunchScreen.storyboard in Resources */,
				18EC35981BC401C800F645F0 /* Assets.xcassets in Resources */,
				18EC35961BC401C700F645F0 /* Main.storyboard in Resources */,
			);
			runOnlyForDeploymentPostprocessing = 0;
		};
		18EC359F1BC401C800F645F0 /* Resources */ = {
			isa = PBXResourcesBuildPhase;
			buildActionMask = 2147483647;
			files = (
			);
			runOnlyForDeploymentPostprocessing = 0;
		};
		18EC35AA1BC401C800F645F0 /* Resources */ = {
			isa = PBXResourcesBuildPhase;
			buildActionMask = 2147483647;
			files = (
			);
			runOnlyForDeploymentPostprocessing = 0;
		};
/* End PBXResourcesBuildPhase section */

/* Begin PBXSourcesBuildPhase section */
		18EC35841BC401C700F645F0 /* Sources */ = {
			isa = PBXSourcesBuildPhase;
			buildActionMask = 2147483647;
			files = (
				18EC35C11BC4022D00F645F0 /* UITextImageButton.m in Sources */,
				18EC35931BC401C700F645F0 /* ViewController.m in Sources */,
				18EC35901BC401C700F645F0 /* AppDelegate.m in Sources */,
				18EC358D1BC401C700F645F0 /* main.m in Sources */,
			);
			runOnlyForDeploymentPostprocessing = 0;
		};
		18EC359D1BC401C800F645F0 /* Sources */ = {
			isa = PBXSourcesBuildPhase;
			buildActionMask = 2147483647;
			files = (
				18EC35A61BC401C800F645F0 /* ButtonTestTests.m in Sources */,
			);
			runOnlyForDeploymentPostprocessing = 0;
		};
		18EC35A81BC401C800F645F0 /* Sources */ = {
			isa = PBXSourcesBuildPhase;
			buildActionMask = 2147483647;
			files = (
				18EC35B11BC401C800F645F0 /* ButtonTestUITests.m in Sources */,
			);
			runOnlyForDeploymentPostprocessing = 0;
		};
/* End PBXSourcesBuildPhase section */

/* Begin PBXTargetDependency section */
		18EC35A31BC401C800F645F0 /* PBXTargetDependency */ = {
			isa = PBXTargetDependency;
			target = 18EC35871BC401C700F645F0 /* ButtonTest */;
			targetProxy = 18EC35A21BC401C800F645F0 /* PBXContainerItemProxy */;
		};
		18EC35AE1BC401C800F645F0 /* PBXTargetDependency */ = {
			isa = PBXTargetDependency;
			target = 18EC35871BC401C700F645F0 /* ButtonTest */;
			targetProxy = 18EC35AD1BC401C800F645F0 /* PBXContainerItemProxy */;
		};
/* End PBXTargetDependency section */

/* Begin PBXVariantGroup section */
		18EC35941BC401C700F645F0 /* Main.storyboard */ = {
			isa = PBXVariantGroup;
			children = (
				18EC35951BC401C700F645F0 /* Base */,
			);
			name = Main.storyboard;
			sourceTree = "<group>";
		};
		18EC35991BC401C800F645F0 /* LaunchScreen.storyboard */ = {
			isa = PBXVariantGroup;
			children = (
				18EC359A1BC401C800F645F0 /* Base */,
			);
			name = LaunchScreen.storyboard;
			sourceTree = "<group>";
		};
/* End PBXVariantGroup section */

/* Begin XCBuildConfiguration section */
		18EC35B31BC401C800F645F0 /* Debug */ = {
			isa = XCBuildConfiguration;
			buildSettings = {
				ALWAYS_SEARCH_USER_PATHS = NO;
				CLANG_CXX_LANGUAGE_STANDARD = "gnu++0x";
				CLANG_CXX_LIBRARY = "libc++";
				CLANG_ENABLE_MODULES = YES;
				CLANG_ENABLE_OBJC_ARC = YES;
				CLANG_WARN_BOOL_CONVERSION = YES;
				CLANG_WARN_CONSTANT_CONVERSION = YES;
				CLANG_WARN_DIRECT_OBJC_ISA_USAGE = YES_ERROR;
				CLANG_WARN_EMPTY_BODY = YES;
				CLANG_WARN_ENUM_CONVERSION = YES;
				CLANG_WARN_INT_CONVERSION = YES;
				CLANG_WARN_OBJC_ROOT_CLASS = YES_ERROR;
				CLANG_WARN_UNREACHABLE_CODE = YES;
				CLANG_WARN__DUPLICATE_METHOD_MATCH = YES;
				"CODE_SIGN_IDENTITY[sdk=iphoneos*]" = "iPhone Developer";
				COPY_PHASE_STRIP = NO;
				DEBUG_INFORMATION_FORMAT = dwarf;
				ENABLE_STRICT_OBJC_MSGSEND = YES;
				ENABLE_TESTABILITY = YES;
				GCC_C_LANGUAGE_STANDARD = gnu99;
				GCC_DYNAMIC_NO_PIC = NO;
				GCC_NO_COMMON_BLOCKS = YES;
				GCC_OPTIMIZATION_LEVEL = 0;
				GCC_PREPROCESSOR_DEFINITIONS = (
					"DEBUG=1",
					"$(inherited)",
				);
				GCC_WARN_64_TO_32_BIT_CONVERSION = YES;
				GCC_WARN_ABOUT_RETURN_TYPE = YES_ERROR;
				GCC_WARN_UNDECLARED_SELECTOR = YES;
				GCC_WARN_UNINITIALIZED_AUTOS = YES_AGGRESSIVE;
				GCC_WARN_UNUSED_FUNCTION = YES;
				GCC_WARN_UNUSED_VARIABLE = YES;
				IPHONEOS_DEPLOYMENT_TARGET = 9.0;
				MTL_ENABLE_DEBUG_INFO = YES;
				ONLY_ACTIVE_ARCH = YES;
				SDKROOT = iphoneos;
				TARGETED_DEVICE_FAMILY = "1,2";
			};
			name = Debug;
		};
		18EC35B41BC401C800F645F0 /* Release */ = {
			isa = XCBuildConfiguration;
			buildSettings = {
				ALWAYS_SEARCH_USER_PATHS = NO;
				CLANG_CXX_LANGUAGE_STANDARD = "gnu++0x";
				CLANG_CXX_LIBRARY = "libc++";
				CLANG_ENABLE_MODULES = YES;
				CLANG_ENABLE_OBJC_ARC = YES;
				CLANG_WARN_BOOL_CONVERSION = YES;
				CLANG_WARN_CONSTANT_CONVERSION = YES;
				CLANG_WARN_DIRECT_OBJC_ISA_USAGE = YES_ERROR;
				CLANG_WARN_EMPTY_BODY = YES;
				CLANG_WARN_ENUM_CONVERSION = YES;
				CLANG_WARN_INT_CONVERSION = YES;
				CLANG_WARN_OBJC_ROOT_CLASS = YES_ERROR;
				CLANG_WARN_UNREACHABLE_CODE = YES;
				CLANG_WARN__DUPLICATE_METHOD_MATCH = YES;
				"CODE_SIGN_IDENTITY[sdk=iphoneos*]" = "iPhone Developer";
				COPY_PHASE_STRIP = NO;
				DEBUG_INFORMATION_FORMAT = "dwarf-with-dsym";
				ENABLE_NS_ASSERTIONS = NO;
				ENABLE_STRICT_OBJC_MSGSEND = YES;
				GCC_C_LANGUAGE_STANDARD = gnu99;
				GCC_NO_COMMON_BLOCKS = YES;
				GCC_WARN_64_TO_32_BIT_CONVERSION = YES;
				GCC_WARN_ABOUT_RETURN_TYPE = YES_ERROR;
				GCC_WARN_UNDECLARED_SELECTOR = YES;
				GCC_WARN_UNINITIALIZED_AUTOS = YES_AGGRESSIVE;
				GCC_WARN_UNUSED_FUNCTION = YES;
				GCC_WARN_UNUSED_VARIABLE = YES;
				IPHONEOS_DEPLOYMENT_TARGET = 9.0;
				MTL_ENABLE_DEBUG_INFO = NO;
				SDKROOT = iphoneos;
				TARGETED_DEVICE_FAMILY = "1,2";
				VALIDATE_PRODUCT = YES;
			};
			name = Release;
		};
		18EC35B61BC401C800F645F0 /* Debug */ = {
			isa = XCBuildConfiguration;
			buildSettings = {
				ASSETCATALOG_COMPILER_APPICON_NAME = AppIcon;
				INFOPLIST_FILE = ButtonTest/Info.plist;
				LD_RUNPATH_SEARCH_PATHS = "$(inherited) @executable_path/Frameworks";
				PRODUCT_BUNDLE_IDENTIFIER = liuzp.ButtonTest;
				PRODUCT_NAME = "$(TARGET_NAME)";
			};
			name = Debug;
		};
		18EC35B71BC401C800F645F0 /* Release */ = {
			isa = XCBuildConfiguration;
			buildSettings = {
				ASSETCATALOG_COMPILER_APPICON_NAME = AppIcon;
				INFOPLIST_FILE = ButtonTest/Info.plist;
				LD_RUNPATH_SEARCH_PATHS = "$(inherited) @executable_path/Frameworks";
				PRODUCT_BUNDLE_IDENTIFIER = liuzp.ButtonTest;
				PRODUCT_NAME = "$(TARGET_NAME)";
			};
			name = Release;
		};
		18EC35B91BC401C800F645F0 /* Debug */ = {
			isa = XCBuildConfiguration;
			buildSettings = {
				BUNDLE_LOADER = "$(TEST_HOST)";
				INFOPLIST_FILE = ButtonTestTests/Info.plist;
				LD_RUNPATH_SEARCH_PATHS = "$(inherited) @executable_path/Frameworks @loader_path/Frameworks";
				PRODUCT_BUNDLE_IDENTIFIER = liuzp.ButtonTestTests;
				PRODUCT_NAME = "$(TARGET_NAME)";
				TEST_HOST = "$(BUILT_PRODUCTS_DIR)/ButtonTest.app/ButtonTest";
			};
			name = Debug;
		};
		18EC35BA1BC401C800F645F0 /* Release */ = {
			isa = XCBuildConfiguration;
			buildSettings = {
				BUNDLE_LOADER = "$(TEST_HOST)";
				INFOPLIST_FILE = ButtonTestTests/Info.plist;
				LD_RUNPATH_SEARCH_PATHS = "$(inherited) @executable_path/Frameworks @loader_path/Frameworks";
				PRODUCT_BUNDLE_IDENTIFIER = liuzp.ButtonTestTests;
				PRODUCT_NAME = "$(TARGET_NAME)";
				TEST_HOST = "$(BUILT_PRODUCTS_DIR)/ButtonTest.app/ButtonTest";
			};
			name = Release;
		};
		18EC35BC1BC401C800F645F0 /* Debug */ = {
			isa = XCBuildConfiguration;
			buildSettings = {
				INFOPLIST_FILE = ButtonTestUITests/Info.plist;
				LD_RUNPATH_SEARCH_PATHS = "$(inherited) @executable_path/Frameworks @loader_path/Frameworks";
				PRODUCT_BUNDLE_IDENTIFIER = liuzp.ButtonTestUITests;
				PRODUCT_NAME = "$(TARGET_NAME)";
				TEST_TARGET_NAME = ButtonTest;
				USES_XCTRUNNER = YES;
			};
			name = Debug;
		};
		18EC35BD1BC401C800F645F0 /* Release */ = {
			isa = XCBuildConfiguration;
			buildSettings = {
				INFOPLIST_FILE = ButtonTestUITests/Info.plist;
				LD_RUNPATH_SEARCH_PATHS = "$(inherited) @executable_path/Frameworks @loader_path/Frameworks";
				PRODUCT_BUNDLE_IDENTIFIER = liuzp.ButtonTestUITests;
				PRODUCT_NAME = "$(TARGET_NAME)";
				TEST_TARGET_NAME = ButtonTest;
				USES_XCTRUNNER = YES;
			};
			name = Release;
		};
/* End XCBuildConfiguration section */

/* Begin XCConfigurationList section */
		18EC35831BC401C700F645F0 /* Build configuration list for PBXProject "ButtonTest" */ = {
			isa = XCConfigurationList;
			buildConfigurations = (
				18EC35B31BC401C800F645F0 /* Debug */,
				18EC35B41BC401C800F645F0 /* Release */,
			);
			defaultConfigurationIsVisible = 0;
			defaultConfigurationName = Release;
		};
		18EC35B51BC401C800F645F0 /* Build configuration list for PBXNativeTarget "ButtonTest" */ = {
			isa = XCConfigurationList;
			buildConfigurations = (
				18EC35B61BC401C800F645F0 /* Debug */,
				18EC35B71BC401C800F645F0 /* Release */,
			);
			defaultConfigurationIsVisible = 0;
		};
		18EC35B81BC401C800F645F0 /* Build configuration list for PBXNativeTarget "ButtonTestTests" */ = {
			isa = XCConfigurationList;
			buildConfigurations = (
				18EC35B91BC401C800F645F0 /* Debug */,
				18EC35BA1BC401C800F645F0 /* Release */,
			);
			defaultConfigurationIsVisible = 0;
		};
		18EC35BB1BC401C800F645F0 /* Build configuration list for PBXNativeTarget "ButtonTestUITests" */ = {
			isa = XCConfigurationList;
			buildConfigurations = (
				18EC35BC1BC401C800F645F0 /* Debug */,
				18EC35BD1BC401C800F645F0 /* Release */,
			);
			defaultConfigurationIsVisible = 0;
		};
/* End XCConfigurationList section */
	};
	rootObject = 18EC35801BC401C700F645F0 /* Project object */;
}
